// !$*UTF8*$!
{
	archiveVersion = 1;
	classes = {
	};
	objectVersion = 77;
	objects = {

/* Begin PBXBuildFile section */
		12841BDA2DD6FB5C0051E738 /* Assets.xcassets in Resources */ = {isa = PBXBuildFile; fileRef = 12841BD32DD6FB5C0051E738 /* Assets.xcassets */; };
		12841BDC2DD6FB5C0051E738 /* LaunchScreen.storyboard in Resources */ = {isa = PBXBuildFile; fileRef = 12841BD62DD6FB5C0051E738 /* LaunchScreen.storyboard */; };
		12841BDD2DD6FB5C0051E738 /* Main.storyboard in Resources */ = {isa = PBXBuildFile; fileRef = 12841BD82DD6FB5C0051E738 /* Main.storyboard */; };
		12841BDE2DD6FB5C0051E738 /* AppDelegate.swift in Sources */ = {isa = PBXBuildFile; fileRef = 12841BD22DD6FB5C0051E738 /* AppDelegate.swift */; };
		12841BE62DD6FC3C0051E738 /* BaseVC.swift in Sources */ = {isa = PBXBuildFile; fileRef = 12841BE52DD6FC3C0051E738 /* BaseVC.swift */; };
		12841BE82DD6FC660051E738 /* ImageCreatorAIExtensions.swift in Sources */ = {isa = PBXBuildFile; fileRef = 12841BE72DD6FC660051E738 /* ImageCreatorAIExtensions.swift */; };
		12841BEE2DD6FDA90051E738 /* HomeVC.swift in Sources */ = {isa = PBXBuildFile; fileRef = 12841BED2DD6FDA90051E738 /* HomeVC.swift */; };
		12841BF12DD6FE140051E738 /* Common.swift in Sources */ = {isa = PBXBuildFile; fileRef = 12841BF02DD6FE140051E738 /* Common.swift */; };
		12841BF42DD6FE250051E738 /* Constants.swift in Sources */ = {isa = PBXBuildFile; fileRef = 12841BF32DD6FE250051E738 /* Constants.swift */; };
		12841BF92DD709280051E738 /* HomeVM.swift in Sources */ = {isa = PBXBuildFile; fileRef = 12841BF82DD709280051E738 /* HomeVM.swift */; };
/* End PBXBuildFile section */

/* Begin PBXFileReference section */
		12841BBA2DD6F8D90051E738 /* ImageCreatorAI.app */ = {isa = PBXFileReference; explicitFileType = wrapper.application; includeInIndex = 0; path = ImageCreatorAI.app; sourceTree = BUILT_PRODUCTS_DIR; };
		12841BD22DD6FB5C0051E738 /* AppDelegate.swift */ = {isa = PBXFileReference; lastKnownFileType = sourcecode.swift; path = AppDelegate.swift; sourceTree = "<group>"; };
		12841BD32DD6FB5C0051E738 /* Assets.xcassets */ = {isa = PBXFileReference; lastKnownFileType = folder.assetcatalog; path = Assets.xcassets; sourceTree = "<group>"; };
		12841BD42DD6FB5C0051E738 /* Info.plist */ = {isa = PBXFileReference; lastKnownFileType = text.plist.xml; path = Info.plist; sourceTree = "<group>"; };
		12841BD52DD6FB5C0051E738 /* Base */ = {isa = PBXFileReference; lastKnownFileType = file.storyboard; name = Base; path = Base.lproj/LaunchScreen.storyboard; sourceTree = "<group>"; };
		12841BD72DD6FB5C0051E738 /* Base */ = {isa = PBXFileReference; lastKnownFileType = file.storyboard; name = Base; path = Base.lproj/Main.storyboard; sourceTree = "<group>"; };
		12841BE52DD6FC3C0051E738 /* BaseVC.swift */ = {isa = PBXFileReference; lastKnownFileType = sourcecode.swift; path = BaseVC.swift; sourceTree = "<group>"; };
		12841BE72DD6FC660051E738 /* ImageCreatorAIExtensions.swift */ = {isa = PBXFileReference; lastKnownFileType = sourcecode.swift; path = ImageCreatorAIExtensions.swift; sourceTree = "<group>"; };
		12841BED2DD6FDA90051E738 /* HomeVC.swift */ = {isa = PBXFileReference; lastKnownFileType = sourcecode.swift; path = HomeVC.swift; sourceTree = "<group>"; };
		12841BF02DD6FE140051E738 /* Common.swift */ = {isa = PBXFileReference; lastKnownFileType = sourcecode.swift; path = Common.swift; sourceTree = "<group>"; };
		12841BF32DD6FE250051E738 /* Constants.swift */ = {isa = PBXFileReference; lastKnownFileType = sourcecode.swift; path = Constants.swift; sourceTree = "<group>"; };
		12841BF82DD709280051E738 /* HomeVM.swift */ = {isa = PBXFileReference; lastKnownFileType = sourcecode.swift; path = HomeVM.swift; sourceTree = "<group>"; };
/* End PBXFileReference section */

/* Begin PBXFrameworksBuildPhase section */
		12841BB72DD6F8D90051E738 /* Frameworks */ = {
			isa = PBXFrameworksBuildPhase;
			buildActionMask = 2147483647;
			files = (
			);
			runOnlyForDeploymentPostprocessing = 0;
		};
/* End PBXFrameworksBuildPhase section */

/* Begin PBXGroup section */
		12841BB12DD6F8D90051E738 = {
			isa = PBXGroup;
			children = (
				12841BD92DD6FB5C0051E738 /* ImageCreatorAI */,
				12841BBB2DD6F8D90051E738 /* Products */,
			);
			sourceTree = "<group>";
		};
		12841BBB2DD6F8D90051E738 /* Products */ = {
			isa = PBXGroup;
			children = (
				12841BBA2DD6F8D90051E738 /* ImageCreatorAI.app */,
			);
			name = Products;
			sourceTree = "<group>";
		};
		12841BD92DD6FB5C0051E738 /* ImageCreatorAI */ = {
			isa = PBXGroup;
			children = (
				12841BE22DD6FBA20051E738 /* Classes */,
				12841BDF2DD6FB620051E738 /* Storyboards */,
				12841BE12DD6FB9B0051E738 /* Utilities */,
			);
			path = ImageCreatorAI;
			sourceTree = "<group>";
		};
		12841BDF2DD6FB620051E738 /* Storyboards */ = {
			isa = PBXGroup;
			children = (
				12841BD62DD6FB5C0051E738 /* LaunchScreen.storyboard */,
				12841BD82DD6FB5C0051E738 /* Main.storyboard */,
			);
			name = Storyboards;
			sourceTree = "<group>";
		};
		12841BE02DD6FB8F0051E738 /* Assets */ = {
			isa = PBXGroup;
			children = (
				12841BD32DD6FB5C0051E738 /* Assets.xcassets */,
			);
			path = Assets;
			sourceTree = "<group>";
		};
		12841BE12DD6FB9B0051E738 /* Utilities */ = {
			isa = PBXGroup;
			children = (
				12841BE02DD6FB8F0051E738 /* Assets */,
				12841BD42DD6FB5C0051E738 /* Info.plist */,
			);
			name = Utilities;
			sourceTree = "<group>";
		};
		12841BE22DD6FBA20051E738 /* Classes */ = {
			isa = PBXGroup;
			children = (
				12841BD22DD6FB5C0051E738 /* AppDelegate.swift */,
				12841BE52DD6FC3C0051E738 /* BaseVC.swift */,
				12841BE72DD6FC660051E738 /* ImageCreatorAIExtensions.swift */,
				12841BEC2DD6FD9F0051E738 /* Home */,
				12841BF52DD6FE570051E738 /* Supporting Files */,
			);
			path = Classes;
			sourceTree = "<group>";
		};
		12841BEC2DD6FD9F0051E738 /* Home */ = {
			isa = PBXGroup;
			children = (
				12841BF72DD709170051E738 /* ViewModel */,
				12841BF62DD7066E0051E738 /* Controller */,
			);
			name = Home;
			sourceTree = "<group>";
		};
		12841BEF2DD6FE080051E738 /* Common */ = {
			isa = PBXGroup;
			children = (
				12841BF02DD6FE140051E738 /* Common.swift */,
			);
			path = Common;
			sourceTree = "<group>";
		};
		12841BF22DD6FE190051E738 /* Constants */ = {
			isa = PBXGroup;
			children = (
				12841BF32DD6FE250051E738 /* Constants.swift */,
			);
			path = Constants;
			sourceTree = "<group>";
		};
		12841BF52DD6FE570051E738 /* Supporting Files */ = {
			isa = PBXGroup;
			children = (
				12841BEF2DD6FE080051E738 /* Common */,
				12841BF22DD6FE190051E738 /* Constants */,
			);
			name = "Supporting Files";
			sourceTree = "<group>";
		};
		12841BF62DD7066E0051E738 /* Controller */ = {
			isa = PBXGroup;
			children = (
				12841BED2DD6FDA90051E738 /* HomeVC.swift */,
			);
			name = Controller;
			sourceTree = "<group>";
		};
		12841BF72DD709170051E738 /* ViewModel */ = {
			isa = PBXGroup;
			children = (
				12841BF82DD709280051E738 /* HomeVM.swift */,
			);
			name = ViewModel;
			sourceTree = "<group>";
		};
/* End PBXGroup section */

/* Begin PBXNativeTarget section */
		12841BB92DD6F8D90051E738 /* ImageCreatorAI */ = {
			isa = PBXNativeTarget;
			buildConfigurationList = 12841BCD2DD6F8DB0051E738 /* Build configuration list for PBXNativeTarget "ImageCreatorAI" */;
			buildPhases = (
				12841BB62DD6F8D90051E738 /* Sources */,
				12841BB72DD6F8D90051E738 /* Frameworks */,
				12841BB82DD6F8D90051E738 /* Resources */,
			);
			buildRules = (
			);
			dependencies = (
			);
			name = ImageCreatorAI;
			productName = ImageCreatorAI;
			productReference = 12841BBA2DD6F8D90051E738 /* ImageCreatorAI.app */;
			productType = "com.apple.product-type.application";
		};
/* End PBXNativeTarget section */

/* Begin PBXProject section */
		12841BB22DD6F8D90051E738 /* Project object */ = {
			isa = PBXProject;
			attributes = {
				BuildIndependentTargetsInParallel = 1;
				LastSwiftUpdateCheck = 1610;
				LastUpgradeCheck = 1610;
				TargetAttributes = {
					12841BB92DD6F8D90051E738 = {
						CreatedOnToolsVersion = 16.1;
					};
				};
			};
			buildConfigurationList = 12841BB52DD6F8D90051E738 /* Build configuration list for PBXProject "ImageCreatorAI" */;
			developmentRegion = en;
			hasScannedForEncodings = 0;
			knownRegions = (
				en,
				Base,
			);
			mainGroup = 12841BB12DD6F8D90051E738;
			minimizedProjectReferenceProxies = 1;
			preferredProjectObjectVersion = 77;
			productRefGroup = 12841BBB2DD6F8D90051E738 /* Products */;
			projectDirPath = "";
			projectRoot = "";
			targets = (
				12841BB92DD6F8D90051E738 /* ImageCreatorAI */,
			);
		};
/* End PBXProject section */

/* Begin PBXResourcesBuildPhase section */
		12841BB82DD6F8D90051E738 /* Resources */ = {
			isa = PBXResourcesBuildPhase;
			buildActionMask = 2147483647;
			files = (
				12841BDA2DD6FB5C0051E738 /* Assets.xcassets in Resources */,
				12841BDC2DD6FB5C0051E738 /* LaunchScreen.storyboard in Resources */,
				12841BDD2DD6FB5C0051E738 /* Main.storyboard in Resources */,
			);
			runOnlyForDeploymentPostprocessing = 0;
		};
/* End PBXResourcesBuildPhase section */

/* Begin PBXSourcesBuildPhase section */
		12841BB62DD6F8D90051E738 /* Sources */ = {
			isa = PBXSourcesBuildPhase;
			buildActionMask = 2147483647;
			files = (
				12841BDE2DD6FB5C0051E738 /* AppDelegate.swift in Sources */,
				12841BEE2DD6FDA90051E738 /* HomeVC.swift in Sources */,
				12841BF92DD709280051E738 /* HomeVM.swift in Sources */,
				12841BE82DD6FC660051E738 /* ImageCreatorAIExtensions.swift in Sources */,
				12841BF12DD6FE140051E738 /* Common.swift in Sources */,
				12841BE62DD6FC3C0051E738 /* BaseVC.swift in Sources */,
				12841BF42DD6FE250051E738 /* Constants.swift in Sources */,
			);
			runOnlyForDeploymentPostprocessing = 0;
		};
/* End PBXSourcesBuildPhase section */

/* Begin PBXVariantGroup section */
		12841BD62DD6FB5C0051E738 /* LaunchScreen.storyboard */ = {
			isa = PBXVariantGroup;
			children = (
				12841BD52DD6FB5C0051E738 /* Base */,
			);
			name = LaunchScreen.storyboard;
			sourceTree = "<group>";
		};
		12841BD82DD6FB5C0051E738 /* Main.storyboard */ = {
			isa = PBXVariantGroup;
			children = (
				12841BD72DD6FB5C0051E738 /* Base */,
			);
			name = Main.storyboard;
			sourceTree = "<group>";
		};
/* End PBXVariantGroup section */

/* Begin XCBuildConfiguration section */
		12841BCE2DD6F8DB0051E738 /* Debug */ = {
			isa = XCBuildConfiguration;
			buildSettings = {
				ASSETCATALOG_COMPILER_APPICON_NAME = AppIcon;
				ASSETCATALOG_COMPILER_GLOBAL_ACCENT_COLOR_NAME = AccentColor;
				CODE_SIGN_IDENTITY = "";
				"CODE_SIGN_IDENTITY[sdk=iphoneos*]" = "";
				CODE_SIGN_STYLE = Manual;
				CURRENT_PROJECT_VERSION = 1;
				DEVELOPMENT_TEAM = "";
				"DEVELOPMENT_TEAM[sdk=iphoneos*]" = "";
				"EXCLUDED_ARCHS[sdk=iphonesimulator*]" = arm64;
				GENERATE_INFOPLIST_FILE = YES;
				INFOPLIST_FILE = ImageCreatorAI/Info.plist;
				INFOPLIST_KEY_UIApplicationSupportsIndirectInputEvents = YES;
				INFOPLIST_KEY_UILaunchStoryboardName = LaunchScreen;
				INFOPLIST_KEY_UIMainStoryboardFile = Main;
				INFOPLIST_KEY_UISupportedInterfaceOrientations_iPad = "UIInterfaceOrientationPortrait UIInterfaceOrientationPortraitUpsideDown UIInterfaceOrientationLandscapeLeft UIInterfaceOrientationLandscapeRight";
				INFOPLIST_KEY_UISupportedInterfaceOrientations_iPhone = "UIInterfaceOrientationPortrait UIInterfaceOrientationLandscapeLeft UIInterfaceOrientationLandscapeRight";
				INFOPLIST_KEY_UIUserInterfaceStyle = Light;
				IPHONEOS_DEPLOYMENT_TARGET = 18.4;
				LD_RUNPATH_SEARCH_PATHS = (
					"$(inherited)",
					"@executable_path/Frameworks",
				);
				MARKETING_VERSION = 1.0;
				PRODUCT_BUNDLE_IDENTIFIER = com.ImageCreatorAI;
				PRODUCT_NAME = "$(TARGET_NAME)";
				PROVISIONING_PROFILE_SPECIFIER = "";
				"PROVISIONING_PROFILE_SPECIFIER[sdk=iphoneos*]" = "";
				SWIFT_EMIT_LOC_STRINGS = YES;
				SWIFT_VERSION = 5.0;
				TARGETED_DEVICE_FAMILY = "1,2";
			};
			name = Debug;
		};
		12841BCF2DD6F8DB0051E738 /* Release */ = {
			isa = XCBuildConfiguration;
			buildSettings = {
				ASSETCATALOG_COMPILER_APPICON_NAME = AppIcon;
				ASSETCATALOG_COMPILER_GLOBAL_ACCENT_COLOR_NAME = AccentColor;
				CODE_SIGN_IDENTITY = "";
				"CODE_SIGN_IDENTITY[sdk=iphoneos*]" = "";
				CODE_SIGN_STYLE = Manual;
				CURRENT_PROJECT_VERSION = 1;
				DEVELOPMENT_TEAM = "";
				"DEVELOPMENT_TEAM[sdk=iphoneos*]" = "";
				"EXCLUDED_ARCHS[sdk=iphonesimulator*]" = arm64;
				GENERATE_INFOPLIST_FILE = YES;
				INFOPLIST_FILE = ImageCreatorAI/Info.plist;
				INFOPLIST_KEY_UIApplicationSupportsIndirectInputEvents = YES;
				INFOPLIST_KEY_UILaunchStoryboardName = LaunchScreen;
				INFOPLIST_KEY_UIMainStoryboardFile = Main;
				INFOPLIST_KEY_UISupportedInterfaceOrientations_iPad = "UIInterfaceOrientationPortrait UIInterfaceOrientationPortraitUpsideDown UIInterfaceOrientationLandscapeLeft UIInterfaceOrientationLandscapeRight";
				INFOPLIST_KEY_UISupportedInterfaceOrientations_iPhone = "UIInterfaceOrientationPortrait UIInterfaceOrientationLandscapeLeft UIInterfaceOrientationLandscapeRight";
				INFOPLIST_KEY_UIUserInterfaceStyle = Light;
				IPHONEOS_DEPLOYMENT_TARGET = 18.4;
				LD_RUNPATH_SEARCH_PATHS = (
					"$(inherited)",
					"@executable_path/Frameworks",
				);
				MARKETING_VERSION = 1.0;
				PRODUCT_BUNDLE_IDENTIFIER = com.ImageCreatorAI;
				PRODUCT_NAME = "$(TARGET_NAME)";
				PROVISIONING_PROFILE_SPECIFIER = "";
				"PROVISIONING_PROFILE_SPECIFIER[sdk=iphoneos*]" = "";
				SWIFT_EMIT_LOC_STRINGS = YES;
				SWIFT_VERSION = 5.0;
				TARGETED_DEVICE_FAMILY = "1,2";
			};
			name = Release;
		};
		12841BD02DD6F8DB0051E738 /* Debug */ = {
			isa = XCBuildConfiguration;
			buildSettings = {
				ALWAYS_SEARCH_USER_PATHS = NO;
				ASSETCATALOG_COMPILER_GENERATE_SWIFT_ASSET_SYMBOL_EXTENSIONS = YES;
				CLANG_ANALYZER_NONNULL = YES;
				CLANG_ANALYZER_NUMBER_OBJECT_CONVERSION = YES_AGGRESSIVE;
				CLANG_CXX_LANGUAGE_STANDARD = "gnu++20";
				CLANG_ENABLE_MODULES = YES;
				CLANG_ENABLE_OBJC_ARC = YES;
				CLANG_ENABLE_OBJC_WEAK = YES;
				CLANG_WARN_BLOCK_CAPTURE_AUTORELEASING = YES;
				CLANG_WARN_BOOL_CONVERSION = YES;
				CLANG_WARN_COMMA = YES;
				CLANG_WARN_CONSTANT_CONVERSION = YES;
				CLANG_WARN_DEPRECATED_OBJC_IMPLEMENTATIONS = YES;
				CLANG_WARN_DIRECT_OBJC_ISA_USAGE = YES_ERROR;
				CLANG_WARN_DOCUMENTATION_COMMENTS = YES;
				CLANG_WARN_EMPTY_BODY = YES;
				CLANG_WARN_ENUM_CONVERSION = YES;
				CLANG_WARN_INFINITE_RECURSION = YES;
				CLANG_WARN_INT_CONVERSION = YES;
				CLANG_WARN_NON_LITERAL_NULL_CONVERSION = YES;
				CLANG_WARN_OBJC_IMPLICIT_RETAIN_SELF = YES;
				CLANG_WARN_OBJC_LITERAL_CONVERSION = YES;
				CLANG_WARN_OBJC_ROOT_CLASS = YES_ERROR;
				CLANG_WARN_QUOTED_INCLUDE_IN_FRAMEWORK_HEADER = YES;
				CLANG_WARN_RANGE_LOOP_ANALYSIS = YES;
				CLANG_WARN_STRICT_PROTOTYPES = YES;
				CLANG_WARN_SUSPICIOUS_MOVE = YES;
				CLANG_WARN_UNGUARDED_AVAILABILITY = YES_AGGRESSIVE;
				CLANG_WARN_UNREACHABLE_CODE = YES;
				CLANG_WARN__DUPLICATE_METHOD_MATCH = YES;
				COPY_PHASE_STRIP = NO;
				DEBUG_INFORMATION_FORMAT = dwarf;
				ENABLE_STRICT_OBJC_MSGSEND = YES;
				ENABLE_TESTABILITY = YES;
				ENABLE_USER_SCRIPT_SANDBOXING = YES;
				GCC_C_LANGUAGE_STANDARD = gnu17;
				GCC_DYNAMIC_NO_PIC = NO;
				GCC_NO_COMMON_BLOCKS = YES;
				GCC_OPTIMIZATION_LEVEL = 0;
				GCC_PREPROCESSOR_DEFINITIONS = (
					"DEBUG=1",
					"$(inherited)",
				);
				GCC_WARN_64_TO_32_BIT_CONVERSION = YES;
				GCC_WARN_ABOUT_RETURN_TYPE = YES_ERROR;
				GCC_WARN_UNDECLARED_SELECTOR = YES;
				GCC_WARN_UNINITIALIZED_AUTOS = YES_AGGRESSIVE;
				GCC_WARN_UNUSED_FUNCTION = YES;
				GCC_WARN_UNUSED_VARIABLE = YES;
				IPHONEOS_DEPLOYMENT_TARGET = 18.1;
				LOCALIZATION_PREFERS_STRING_CATALOGS = YES;
				MTL_ENABLE_DEBUG_INFO = INCLUDE_SOURCE;
				MTL_FAST_MATH = YES;
				ONLY_ACTIVE_ARCH = YES;
				SDKROOT = iphoneos;
				SWIFT_ACTIVE_COMPILATION_CONDITIONS = "DEBUG $(inherited)";
				SWIFT_OPTIMIZATION_LEVEL = "-Onone";
			};
			name = Debug;
		};
		12841BD12DD6F8DB0051E738 /* Release */ = {
			isa = XCBuildConfiguration;
			buildSettings = {
				ALWAYS_SEARCH_USER_PATHS = NO;
				ASSETCATALOG_COMPILER_GENERATE_SWIFT_ASSET_SYMBOL_EXTENSIONS = YES;
				CLANG_ANALYZER_NONNULL = YES;
				CLANG_ANALYZER_NUMBER_OBJECT_CONVERSION = YES_AGGRESSIVE;
				CLANG_CXX_LANGUAGE_STANDARD = "gnu++20";
				CLANG_ENABLE_MODULES = YES;
				CLANG_ENABLE_OBJC_ARC = YES;
				CLANG_ENABLE_OBJC_WEAK = YES;
				CLANG_WARN_BLOCK_CAPTURE_AUTORELEASING = YES;
				CLANG_WARN_BOOL_CONVERSION = YES;
				CLANG_WARN_COMMA = YES;
				CLANG_WARN_CONSTANT_CONVERSION = YES;
				CLANG_WARN_DEPRECATED_OBJC_IMPLEMENTATIONS = YES;
				CLANG_WARN_DIRECT_OBJC_ISA_USAGE = YES_ERROR;
				CLANG_WARN_DOCUMENTATION_COMMENTS = YES;
				CLANG_WARN_EMPTY_BODY = YES;
				CLANG_WARN_ENUM_CONVERSION = YES;
				CLANG_WARN_INFINITE_RECURSION = YES;
				CLANG_WARN_INT_CONVERSION = YES;
				CLANG_WARN_NON_LITERAL_NULL_CONVERSION = YES;
				CLANG_WARN_OBJC_IMPLICIT_RETAIN_SELF = YES;
				CLANG_WARN_OBJC_LITERAL_CONVERSION = YES;
				CLANG_WARN_OBJC_ROOT_CLASS = YES_ERROR;
				CLANG_WARN_QUOTED_INCLUDE_IN_FRAMEWORK_HEADER = YES;
				CLANG_WARN_RANGE_LOOP_ANALYSIS = YES;
				CLANG_WARN_STRICT_PROTOTYPES = YES;
				CLANG_WARN_SUSPICIOUS_MOVE = YES;
				CLANG_WARN_UNGUARDED_AVAILABILITY = YES_AGGRESSIVE;
				CLANG_WARN_UNREACHABLE_CODE = YES;
				CLANG_WARN__DUPLICATE_METHOD_MATCH = YES;
				COPY_PHASE_STRIP = NO;
				DEBUG_INFORMATION_FORMAT = "dwarf-with-dsym";
				ENABLE_NS_ASSERTIONS = NO;
				ENABLE_STRICT_OBJC_MSGSEND = YES;
				ENABLE_USER_SCRIPT_SANDBOXING = YES;
				GCC_C_LANGUAGE_STANDARD = gnu17;
				GCC_NO_COMMON_BLOCKS = YES;
				GCC_WARN_64_TO_32_BIT_CONVERSION = YES;
				GCC_WARN_ABOUT_RETURN_TYPE = YES_ERROR;
				GCC_WARN_UNDECLARED_SELECTOR = YES;
				GCC_WARN_UNINITIALIZED_AUTOS = YES_AGGRESSIVE;
				GCC_WARN_UNUSED_FUNCTION = YES;
				GCC_WARN_UNUSED_VARIABLE = YES;
				IPHONEOS_DEPLOYMENT_TARGET = 18.1;
				LOCALIZATION_PREFERS_STRING_CATALOGS = YES;
				MTL_ENABLE_DEBUG_INFO = NO;
				MTL_FAST_MATH = YES;
				SDKROOT = iphoneos;
				SWIFT_COMPILATION_MODE = wholemodule;
				VALIDATE_PRODUCT = YES;
			};
			name = Release;
		};
/* End XCBuildConfiguration section */

/* Begin XCConfigurationList section */
		12841BB52DD6F8D90051E738 /* Build configuration list for PBXProject "ImageCreatorAI" */ = {
			isa = XCConfigurationList;
			buildConfigurations = (
				12841BD02DD6F8DB0051E738 /* Debug */,
				12841BD12DD6F8DB0051E738 /* Release */,
			);
			defaultConfigurationIsVisible = 0;
			defaultConfigurationName = Release;
		};
		12841BCD2DD6F8DB0051E738 /* Build configuration list for PBXNativeTarget "ImageCreatorAI" */ = {
			isa = XCConfigurationList;
			buildConfigurations = (
				12841BCE2DD6F8DB0051E738 /* Debug */,
				12841BCF2DD6F8DB0051E738 /* Release */,
			);
			defaultConfigurationIsVisible = 0;
			defaultConfigurationName = Release;
		};
/* End XCConfigurationList section */
	};
	rootObject = 12841BB22DD6F8D90051E738 /* Project object */;
}
